<Solution>
  <Project Path="Timeline.Samples.Utilities.csproj" />
  <Project Path="Timeline.Samples.Annotation.Editor.csproj" />
  <Project Path="Assembly-CSharp.csproj" />
  <Project Path="Timeline.Samples.TimeDilation.csproj" />
  <Project Path="Timeline.Samples.Video.csproj" />
  <Project Path="Assembly-CSharp-Editor.csproj" />
  <Project Path="Timeline.Samples.Tween.csproj" />
  <Project Path="Timeline.Samples.Video.Editor.csproj" />
  <Project Path="Timeline.Samples.Text.csproj" />
  <Project Path="Timeline.Samples.Text.Editor.csproj" />
  <Project Path="Timeline.Samples.Utilities.Editor.csproj" />
  <Project Path="Timeline.Samples.Annotation.csproj" />
  <Project Path="Timeline.Samples.Tween.Editor.csproj" />
</Solution>
